<Solution>
  <Folder Name="/src/">
    <Project Path="src/EventStore.AppHost/EventStore.AppHost.csproj" />
    <Project Path="src/EventStore.Attachments/EventStore.Attachments.csproj" />
    <Project Path="src/EventStore.DevIdp/EventStore.DevIdp.csproj" />
    <Project Path="src/EventStore.Derivation/EventStore.Derivation.csproj" />
    <Project Path="src/EventStore.Domain/EventStore.Domain.csproj" />
    <Project Path="src/EventStore.Dpop/EventStore.Dpop.csproj" />
    <Project Path="src/EventStore.Follow.Api/EventStore.Follow.Api.csproj" />
    <Project Path="src/EventStore.Gateway/EventStore.Gateway.csproj" />
    <Project Path="src/EventStore.GraphQL/EventStore.GraphQL.csproj" />
    <Project Path="src/EventStore.Spiffe/EventStore.Spiffe.csproj" />
    <Project Path="src/EventStore.Host.Core/EventStore.Host.Core.csproj" />
    <Project Path="src/EventStore.Host.Postgres/EventStore.Host.Postgres.csproj" />
    <Project Path="src/EventStore.Host.Sqlite/EventStore.Host.Sqlite.csproj" />
    <Project Path="src/EventStore.Host.SqlServer/EventStore.Host.SqlServer.csproj" />
    <Project Path="src/EventStore.Inbox/EventStore.Inbox.csproj" />
    <Project Path="src/EventStore.Lineage.Api/EventStore.Lineage.Api.csproj" />
    <Project Path="src/EventStore.Masking/EventStore.Masking.csproj" />
    <Project Path="src/EventStore.Persistence.Migrations.Postgres/EventStore.Persistence.Migrations.Postgres.csproj" />
    <Project Path="src/EventStore.Persistence.Migrations.Sqlite/EventStore.Persistence.Migrations.Sqlite.csproj" />
    <Project Path="src/EventStore.Persistence.Migrations.SqlServer/EventStore.Persistence.Migrations.SqlServer.csproj" />
    <Project Path="src/EventStore.Persistence/EventStore.Persistence.csproj" />
    <Project Path="src/EventStore.Projections.Abstractions/EventStore.Projections.Abstractions.csproj" />
    <Project Path="src/EventStore.Projections.Host/EventStore.Projections.Host.csproj" />
    <Project Path="src/EventStore.Replication/EventStore.Replication.csproj" />
    <Project Path="src/EventStore.Router/EventStore.Router.csproj" />
    <Project Path="src/EventStore.SchemaRegistry/EventStore.SchemaRegistry.csproj" />
    <Project Path="src/EventStore.ServiceDefaults/EventStore.ServiceDefaults.csproj" />
    <Project Path="src/EventStore.Streaming/EventStore.Streaming.csproj" />
    <Project Path="src/EventStore.TicketExchange/EventStore.TicketExchange.csproj" />
    <Project Path="src/EventStore.Ucan/EventStore.Ucan.csproj" />
    <Project Path="src/EventStore.Upcasting/EventStore.Upcasting.csproj" />
    <Project Path="src/EventStore.SpecGeneration/EventStore.SpecGeneration.csproj" />
    <Project Path="src/EventStore.ViewRegistry/EventStore.ViewRegistry.csproj" />
    <Project Path="src/EventStore.Webhooks/EventStore.Webhooks.csproj" />
  </Folder>
  <Folder Name="/tests/">
    <Project Path="tests/EventStore.IntegrationTests/EventStore.IntegrationTests.csproj" />
  </Folder>
  <Folder Name="/samples/">
    <Project Path="src/Samples.Orders.Projections/Samples.Orders.Projections.csproj" />
  </Folder>
</Solution>
