<Solution>
  <Folder Name="/src/">
    <Project Path="src/EventStore.Abstractions/EventStore.Abstractions.csproj" />
    <Project Path="src/EventStore.Archival/EventStore.Archival.csproj" />
    <Project Path="src/EventStore.AppHost/EventStore.AppHost.csproj" />
    <Project Path="src/EventStore.Attachments/EventStore.Attachments.csproj" />
    <Project Path="src/EventStore.Benchmarks/EventStore.Benchmarks.csproj" />
    <Project Path="src/EventStore.DevIdp/EventStore.DevIdp.csproj" />
    <Project Path="src/EventStore.Derivation/EventStore.Derivation.csproj" />
    <Project Path="src/EventStore.Domain/EventStore.Domain.csproj" />
    <Project Path="src/EventStore.Dpop/EventStore.Dpop.csproj" />
    <Project Path="src/EventStore.Erasure/EventStore.Erasure.csproj" />
    <Project Path="src/EventStore.ExpectedResponse/EventStore.ExpectedResponse.csproj" />
    <Project Path="src/EventStore.FeatureFlags/EventStore.FeatureFlags.csproj" />
    <Project Path="src/EventStore.Flows/EventStore.Flows.csproj" />
    <Project Path="src/EventStore.Follow.Api/EventStore.Follow.Api.csproj" />
    <Project Path="src/EventStore.Gateway/EventStore.Gateway.csproj" />
    <Project Path="src/EventStore.GraphQL/EventStore.GraphQL.csproj" />
    <Project Path="src/EventStore.Interchange/EventStore.Interchange.csproj" />
    <Project Path="src/EventStore.Interchange.Abstractions/EventStore.Interchange.Abstractions.csproj" />
    <Project Path="src/EventStore.LeaderElection/EventStore.LeaderElection.csproj" />
    <Project Path="src/EventStore.LineageExport/EventStore.LineageExport.csproj" />
    <Project Path="src/EventStore.Rbac/EventStore.Rbac.csproj" />
    <Project Path="src/EventStore.Spiffe/EventStore.Spiffe.csproj" />
    <Project Path="src/EventStore.Host.Core/EventStore.Host.Core.csproj" />
    <Project Path="src/EventStore.Host.Postgres/EventStore.Host.Postgres.csproj" />
    <Project Path="src/EventStore.Host.Sqlite/EventStore.Host.Sqlite.csproj" />
    <Project Path="src/EventStore.Host.SqlServer/EventStore.Host.SqlServer.csproj" />
    <Project Path="src/EventStore.Inbox/EventStore.Inbox.csproj" />
    <Project Path="src/EventStore.Lineage.Api/EventStore.Lineage.Api.csproj" />
    <Project Path="src/EventStore.Masking/EventStore.Masking.csproj" />
    <Project Path="src/EventStore.Migrator/EventStore.Migrator.csproj" />
    <Project Path="src/EventStore.Persistence.Migrations.Postgres/EventStore.Persistence.Migrations.Postgres.csproj" />
    <Project Path="src/EventStore.Persistence.Migrations.Sqlite/EventStore.Persistence.Migrations.Sqlite.csproj" />
    <Project Path="src/EventStore.Persistence.Migrations.SqlServer/EventStore.Persistence.Migrations.SqlServer.csproj" />
    <Project Path="src/EventStore.Persistence/EventStore.Persistence.csproj" />
    <Project Path="src/EventStore.Projections.Abstractions/EventStore.Projections.Abstractions.csproj" />
    <Project Path="src/EventStore.Projections.Host/EventStore.Projections.Host.csproj" />
    <Project Path="src/EventStore.Replication/EventStore.Replication.csproj" />
    <Project Path="src/EventStore.Router/EventStore.Router.csproj" />
    <Project Path="src/EventStore.SchemaRegistry/EventStore.SchemaRegistry.csproj" />
    <Project Path="src/EventStore.ServiceDefaults/EventStore.ServiceDefaults.csproj" />
    <Project Path="src/EventStore.Streaming/EventStore.Streaming.csproj" />
    <Project Path="src/EventStore.Timestamping/EventStore.Timestamping.csproj" />
    <Project Path="src/EventStore.TicketExchange/EventStore.TicketExchange.csproj" />
    <Project Path="src/EventStore.Ucan/EventStore.Ucan.csproj" />
    <Project Path="src/EventStore.Upcasting/EventStore.Upcasting.csproj" />
    <Project Path="src/EventStore.SpecGeneration/EventStore.SpecGeneration.csproj" />
    <Project Path="src/EventStore.SqlClr.SqlServer/EventStore.SqlClr.SqlServer.csproj" />
    <Project Path="src/EventStore.ViewRegistry/EventStore.ViewRegistry.csproj" />
    <Project Path="src/EventStore.Webhooks/EventStore.Webhooks.csproj" />
    <Project Path="src/EventStore.WorkerWakeSignal/EventStore.WorkerWakeSignal.csproj" />
  </Folder>
  <Folder Name="/tests/">
    <Project Path="tests/EventStore.E2ETests/EventStore.E2ETests.csproj" />
    <Project Path="tests/EventStore.IntegrationTests/EventStore.IntegrationTests.csproj" />
    <Project Path="tests/EventStore.SqlClr.SqlServer.Tests/EventStore.SqlClr.SqlServer.Tests.csproj" />
    <Project Path="tests/EventStore.UnitTests/EventStore.UnitTests.csproj" />
  </Folder>
  <Folder Name="/samples/">
    <Project Path="src/Samples.Meridian/Samples.Meridian.csproj" />
    <Project Path="src/Samples.Meridian.Flows/Samples.Meridian.Flows.csproj" />
    <Project Path="src/Samples.Meridian.Seed/Samples.Meridian.Seed.csproj" />
    <Project Path="src/Samples.Meridian.Simulator/Samples.Meridian.Simulator.csproj" />
    <Project Path="src/Samples.Orders.Projections/Samples.Orders.Projections.csproj" />
    <Project Path="src/Samples.Vitals/Samples.Vitals.csproj" />
    <Project Path="src/Samples.Vitals.Flows/Samples.Vitals.Flows.csproj" />
    <Project Path="src/Samples.Vitals.Seed/Samples.Vitals.Seed.csproj" />
    <Project Path="src/Samples.Vitals.Simulator/Samples.Vitals.Simulator.csproj" />
  </Folder>
</Solution>
